
Microsoft Visual Studio Solution File, Format Version 12.00
# Visual Studio Version 17
VisualStudioVersion = 17.11.35312.102
MinimumVisualStudioVersion = 10.0.40219.1
Project("{FAE04EC0-301F-11D3-BF4B-00C04F79EFBC}") = "labOdevi5Hafta", "labOdevi5Hafta.csproj", "{7A9F4D1E-297E-4AE0-BF47-1CC4E4A2D2D2}"
EndProject
Global
	GlobalSection(SolutionConfigurationPlatforms) = preSolution
		Debug|Any CPU = Debug|Any CPU
		Release|Any CPU = Release|Any CPU
	EndGlobalSection
	GlobalSection(ProjectConfigurationPlatforms) = postSolution
		{7A9F4D1E-297E-4AE0-BF47-1CC4E4A2D2D2}.Debug|Any CPU.ActiveCfg = Debug|Any CPU
		{7A9F4D1E-297E-4AE0-BF47-1CC4E4A2D2D2}.Debug|Any CPU.Build.0 = Debug|Any CPU
		{7A9F4D1E-297E-4AE0-BF47-1CC4E4A2D2D2}.Release|Any CPU.ActiveCfg = Release|Any CPU
		{7A9F4D1E-297E-4AE0-BF47-1CC4E4A2D2D2}.Release|Any CPU.Build.0 = Release|Any CPU
	EndGlobalSection
	GlobalSection(SolutionProperties) = preSolution
		HideSolutionNode = FALSE
	EndGlobalSection
	GlobalSection(ExtensibilityGlobals) = postSolution
		SolutionGuid = {C23E72F1-C03B-4B7E-9F19-48790A9D312E}
	EndGlobalSection
EndGlobal
